
Microsoft Visual Studio Solution File, Format Version 12.00
Project("{FAE04EC0-301F-11D3-BF4B-00C04F79EFBC}") = "TrackingDataChangesInEntityFramework", "TrackingDataChangesIn\TrackingDataChangesInEntityFramework.csproj", "{2B5A2D21-29F5-406D-9574-6405C0A47593}"
EndProject
Global
	GlobalSection(SolutionConfigurationPlatforms) = preSolution
		Debug|Any CPU = Debug|Any CPU
		Release|Any CPU = Release|Any CPU
	EndGlobalSection
	GlobalSection(ProjectConfigurationPlatforms) = postSolution
		{2B5A2D21-29F5-406D-9574-6405C0A47593}.Debug|Any CPU.ActiveCfg = Debug|Any CPU
		{2B5A2D21-29F5-406D-9574-6405C0A47593}.Debug|Any CPU.Build.0 = Debug|Any CPU
		{2B5A2D21-29F5-406D-9574-6405C0A47593}.Release|Any CPU.ActiveCfg = Release|Any CPU
		{2B5A2D21-29F5-406D-9574-6405C0A47593}.Release|Any CPU.Build.0 = Release|Any CPU
	EndGlobalSection
EndGlobal
